// !$*UTF8*$!
{
	archiveVersion = 1;
	classes = {
	};
	objectVersion = 56;
	objects = {

/* Begin PBXBuildFile section */
		B7C637D32D0DD8C5006AED83 /* WARMISITAI_APPApp.swift in Sources */ = {isa = PBXBuildFile; fileRef = B7C637D22D0DD8C5006AED83 /* WARMISITAI_APPApp.swift */; };
		B7C637D52D0DD8C5006AED83 /* ContentView.swift in Sources */ = {isa = PBXBuildFile; fileRef = B7C637D42D0DD8C5006AED83 /* ContentView.swift */; };
		B7C637D72D0DD8C6006AED83 /* Assets.xcassets in Resources */ = {isa = PBXBuildFile; fileRef = B7C637D62D0DD8C6006AED83 /* Assets.xcassets */; };
		B7C637DA2D0DD8C6006AED83 /* Preview Assets.xcassets in Resources */ = {isa = PBXBuildFile; fileRef = B7C637D92D0DD8C6006AED83 /* Preview Assets.xcassets */; };
		B7C637DC2D0DD8C6006AED83 /* Persistence.swift in Sources */ = {isa = PBXBuildFile; fileRef = B7C637DB2D0DD8C6006AED83 /* Persistence.swift */; };
		B7C637DF2D0DD8C6006AED83 /* WARMISITAI_APP.xcdatamodeld in Sources */ = {isa = PBXBuildFile; fileRef = B7C637DD2D0DD8C6006AED83 /* WARMISITAI_APP.xcdatamodeld */; };
		B7C637E72D0DDA2C006AED83 /* Alamofire in Frameworks */ = {isa = PBXBuildFile; productRef = B7C637E62D0DDA2C006AED83 /* Alamofire */; };
		B7C637E92D0DDABB006AED83 /* ApiService.swift in Sources */ = {isa = PBXBuildFile; fileRef = B7C637E82D0DDABB006AED83 /* ApiService.swift */; };
		B7C637EB2D0DDB02006AED83 /* ListaComprasView.swift in Sources */ = {isa = PBXBuildFile; fileRef = B7C637EA2D0DDB02006AED83 /* ListaComprasView.swift */; };
		B7C637F02D0DDE92006AED83 /* AddItemView.swift in Sources */ = {isa = PBXBuildFile; fileRef = B7C637EF2D0DDE92006AED83 /* AddItemView.swift */; };
		B7C637F82D0DFAD9006AED83 /* DetalleView.swift in Sources */ = {isa = PBXBuildFile; fileRef = B7C637F72D0DFAD9006AED83 /* DetalleView.swift */; };
/* End PBXBuildFile section */

/* Begin PBXFileReference section */
		B7C637CF2D0DD8C5006AED83 /* WARMISITAI_APP.app */ = {isa = PBXFileReference; explicitFileType = wrapper.application; includeInIndex = 0; path = WARMISITAI_APP.app; sourceTree = BUILT_PRODUCTS_DIR; };
		B7C637D22D0DD8C5006AED83 /* WARMISITAI_APPApp.swift */ = {isa = PBXFileReference; lastKnownFileType = sourcecode.swift; path = WARMISITAI_APPApp.swift; sourceTree = "<group>"; };
		B7C637D42D0DD8C5006AED83 /* ContentView.swift */ = {isa = PBXFileReference; lastKnownFileType = sourcecode.swift; path = ContentView.swift; sourceTree = "<group>"; };
		B7C637D62D0DD8C6006AED83 /* Assets.xcassets */ = {isa = PBXFileReference; lastKnownFileType = folder.assetcatalog; path = Assets.xcassets; sourceTree = "<group>"; };
		B7C637D92D0DD8C6006AED83 /* Preview Assets.xcassets */ = {isa = PBXFileReference; lastKnownFileType = folder.assetcatalog; path = "Preview Assets.xcassets"; sourceTree = "<group>"; };
		B7C637DB2D0DD8C6006AED83 /* Persistence.swift */ = {isa = PBXFileReference; lastKnownFileType = sourcecode.swift; path = Persistence.swift; sourceTree = "<group>"; };
		B7C637DE2D0DD8C6006AED83 /* WARMISITAI_APP.xcdatamodel */ = {isa = PBXFileReference; lastKnownFileType = wrapper.xcdatamodel; path = WARMISITAI_APP.xcdatamodel; sourceTree = "<group>"; };
		B7C637E82D0DDABB006AED83 /* ApiService.swift */ = {isa = PBXFileReference; lastKnownFileType = sourcecode.swift; path = ApiService.swift; sourceTree = "<group>"; };
		B7C637EA2D0DDB02006AED83 /* ListaComprasView.swift */ = {isa = PBXFileReference; lastKnownFileType = sourcecode.swift; path = ListaComprasView.swift; sourceTree = "<group>"; };
		B7C637EF2D0DDE92006AED83 /* AddItemView.swift */ = {isa = PBXFileReference; lastKnownFileType = sourcecode.swift; path = AddItemView.swift; sourceTree = "<group>"; };
		B7C637F72D0DFAD9006AED83 /* DetalleView.swift */ = {isa = PBXFileReference; lastKnownFileType = sourcecode.swift; path = DetalleView.swift; sourceTree = "<group>"; };
/* End PBXFileReference section */

/* Begin PBXFrameworksBuildPhase section */
		B7C637CC2D0DD8C5006AED83 /* Frameworks */ = {
			isa = PBXFrameworksBuildPhase;
			buildActionMask = 2147483647;
			files = (
				B7C637E72D0DDA2C006AED83 /* Alamofire in Frameworks */,
			);
			runOnlyForDeploymentPostprocessing = 0;
		};
/* End PBXFrameworksBuildPhase section */

/* Begin PBXGroup section */
		B7C637C62D0DD8C5006AED83 = {
			isa = PBXGroup;
			children = (
				B7C637D12D0DD8C5006AED83 /* WARMISITAI_APP */,
				B7C637D02D0DD8C5006AED83 /* Products */,
			);
			sourceTree = "<group>";
		};
		B7C637D02D0DD8C5006AED83 /* Products */ = {
			isa = PBXGroup;
			children = (
				B7C637CF2D0DD8C5006AED83 /* WARMISITAI_APP.app */,
			);
			name = Products;
			sourceTree = "<group>";
		};
		B7C637D12D0DD8C5006AED83 /* WARMISITAI_APP */ = {
			isa = PBXGroup;
			children = (
				B7C637D22D0DD8C5006AED83 /* WARMISITAI_APPApp.swift */,
				B7C637D42D0DD8C5006AED83 /* ContentView.swift */,
				B7C637D62D0DD8C6006AED83 /* Assets.xcassets */,
				B7C637DB2D0DD8C6006AED83 /* Persistence.swift */,
				B7C637DD2D0DD8C6006AED83 /* WARMISITAI_APP.xcdatamodeld */,
				B7C637D82D0DD8C6006AED83 /* Preview Content */,
				B7C637E82D0DDABB006AED83 /* ApiService.swift */,
				B7C637EA2D0DDB02006AED83 /* ListaComprasView.swift */,
				B7C637EF2D0DDE92006AED83 /* AddItemView.swift */,
				B7C637F72D0DFAD9006AED83 /* DetalleView.swift */,
			);
			path = WARMISITAI_APP;
			sourceTree = "<group>";
		};
		B7C637D82D0DD8C6006AED83 /* Preview Content */ = {
			isa = PBXGroup;
			children = (
				B7C637D92D0DD8C6006AED83 /* Preview Assets.xcassets */,
			);
			path = "Preview Content";
			sourceTree = "<group>";
		};
/* End PBXGroup section */

/* Begin PBXNativeTarget section */
		B7C637CE2D0DD8C5006AED83 /* WARMISITAI_APP */ = {
			isa = PBXNativeTarget;
			buildConfigurationList = B7C637E22D0DD8C6006AED83 /* Build configuration list for PBXNativeTarget "WARMISITAI_APP" */;
			buildPhases = (
				B7C637CB2D0DD8C5006AED83 /* Sources */,
				B7C637CC2D0DD8C5006AED83 /* Frameworks */,
				B7C637CD2D0DD8C5006AED83 /* Resources */,
			);
			buildRules = (
			);
			dependencies = (
			);
			name = WARMISITAI_APP;
			packageProductDependencies = (
				B7C637E62D0DDA2C006AED83 /* Alamofire */,
			);
			productName = WARMISITAI_APP;
			productReference = B7C637CF2D0DD8C5006AED83 /* WARMISITAI_APP.app */;
			productType = "com.apple.product-type.application";
		};
/* End PBXNativeTarget section */

/* Begin PBXProject section */
		B7C637C72D0DD8C5006AED83 /* Project object */ = {
			isa = PBXProject;
			attributes = {
				BuildIndependentTargetsInParallel = 1;
				LastSwiftUpdateCheck = 1400;
				LastUpgradeCheck = 1400;
				TargetAttributes = {
					B7C637CE2D0DD8C5006AED83 = {
						CreatedOnToolsVersion = 14.0;
					};
				};
			};
			buildConfigurationList = B7C637CA2D0DD8C5006AED83 /* Build configuration list for PBXProject "WARMISITAI_APP" */;
			compatibilityVersion = "Xcode 14.0";
			developmentRegion = en;
			hasScannedForEncodings = 0;
			knownRegions = (
				en,
				Base,
			);
			mainGroup = B7C637C62D0DD8C5006AED83;
			packageReferences = (
				B7C637E52D0DDA2C006AED83 /* XCRemoteSwiftPackageReference "Alamofire" */,
			);
			productRefGroup = B7C637D02D0DD8C5006AED83 /* Products */;
			projectDirPath = "";
			projectRoot = "";
			targets = (
				B7C637CE2D0DD8C5006AED83 /* WARMISITAI_APP */,
			);
		};
/* End PBXProject section */

/* Begin PBXResourcesBuildPhase section */
		B7C637CD2D0DD8C5006AED83 /* Resources */ = {
			isa = PBXResourcesBuildPhase;
			buildActionMask = 2147483647;
			files = (
				B7C637DA2D0DD8C6006AED83 /* Preview Assets.xcassets in Resources */,
				B7C637D72D0DD8C6006AED83 /* Assets.xcassets in Resources */,
			);
			runOnlyForDeploymentPostprocessing = 0;
		};
/* End PBXResourcesBuildPhase section */

/* Begin PBXSourcesBuildPhase section */
		B7C637CB2D0DD8C5006AED83 /* Sources */ = {
			isa = PBXSourcesBuildPhase;
			buildActionMask = 2147483647;
			files = (
				B7C637DC2D0DD8C6006AED83 /* Persistence.swift in Sources */,
				B7C637E92D0DDABB006AED83 /* ApiService.swift in Sources */,
				B7C637F82D0DFAD9006AED83 /* DetalleView.swift in Sources */,
				B7C637F02D0DDE92006AED83 /* AddItemView.swift in Sources */,
				B7C637DF2D0DD8C6006AED83 /* WARMISITAI_APP.xcdatamodeld in Sources */,
				B7C637D52D0DD8C5006AED83 /* ContentView.swift in Sources */,
				B7C637EB2D0DDB02006AED83 /* ListaComprasView.swift in Sources */,
				B7C637D32D0DD8C5006AED83 /* WARMISITAI_APPApp.swift in Sources */,
			);
			runOnlyForDeploymentPostprocessing = 0;
		};
/* End PBXSourcesBuildPhase section */

/* Begin XCBuildConfiguration section */
		B7C637E02D0DD8C6006AED83 /* Debug */ = {
			isa = XCBuildConfiguration;
			buildSettings = {
				ALWAYS_SEARCH_USER_PATHS = NO;
				CLANG_ANALYZER_NONNULL = YES;
				CLANG_ANALYZER_NUMBER_OBJECT_CONVERSION = YES_AGGRESSIVE;
				CLANG_CXX_LANGUAGE_STANDARD = "gnu++20";
				CLANG_ENABLE_MODULES = YES;
				CLANG_ENABLE_OBJC_ARC = YES;
				CLANG_ENABLE_OBJC_WEAK = YES;
				CLANG_WARN_BLOCK_CAPTURE_AUTORELEASING = YES;
				CLANG_WARN_BOOL_CONVERSION = YES;
				CLANG_WARN_COMMA = YES;
				CLANG_WARN_CONSTANT_CONVERSION = YES;
				CLANG_WARN_DEPRECATED_OBJC_IMPLEMENTATIONS = YES;
				CLANG_WARN_DIRECT_OBJC_ISA_USAGE = YES_ERROR;
				CLANG_WARN_DOCUMENTATION_COMMENTS = YES;
				CLANG_WARN_EMPTY_BODY = YES;
				CLANG_WARN_ENUM_CONVERSION = YES;
				CLANG_WARN_INFINITE_RECURSION = YES;
				CLANG_WARN_INT_CONVERSION = YES;
				CLANG_WARN_NON_LITERAL_NULL_CONVERSION = YES;
				CLANG_WARN_OBJC_IMPLICIT_RETAIN_SELF = YES;
				CLANG_WARN_OBJC_LITERAL_CONVERSION = YES;
				CLANG_WARN_OBJC_ROOT_CLASS = YES_ERROR;
				CLANG_WARN_QUOTED_INCLUDE_IN_FRAMEWORK_HEADER = YES;
				CLANG_WARN_RANGE_LOOP_ANALYSIS = YES;
				CLANG_WARN_STRICT_PROTOTYPES = YES;
				CLANG_WARN_SUSPICIOUS_MOVE = YES;
				CLANG_WARN_UNGUARDED_AVAILABILITY = YES_AGGRESSIVE;
				CLANG_WARN_UNREACHABLE_CODE = YES;
				CLANG_WARN__DUPLICATE_METHOD_MATCH = YES;
				COPY_PHASE_STRIP = NO;
				DEBUG_INFORMATION_FORMAT = dwarf;
				ENABLE_STRICT_OBJC_MSGSEND = YES;
				ENABLE_TESTABILITY = YES;
				GCC_C_LANGUAGE_STANDARD = gnu11;
				GCC_DYNAMIC_NO_PIC = NO;
				GCC_NO_COMMON_BLOCKS = YES;
				GCC_OPTIMIZATION_LEVEL = 0;
				GCC_PREPROCESSOR_DEFINITIONS = (
					"DEBUG=1",
					"$(inherited)",
				);
				GCC_WARN_64_TO_32_BIT_CONVERSION = YES;
				GCC_WARN_ABOUT_RETURN_TYPE = YES_ERROR;
				GCC_WARN_UNDECLARED_SELECTOR = YES;
				GCC_WARN_UNINITIALIZED_AUTOS = YES_AGGRESSIVE;
				GCC_WARN_UNUSED_FUNCTION = YES;
				GCC_WARN_UNUSED_VARIABLE = YES;
				IPHONEOS_DEPLOYMENT_TARGET = 16.0;
				MTL_ENABLE_DEBUG_INFO = INCLUDE_SOURCE;
				MTL_FAST_MATH = YES;
				ONLY_ACTIVE_ARCH = YES;
				SDKROOT = iphoneos;
				SWIFT_ACTIVE_COMPILATION_CONDITIONS = DEBUG;
				SWIFT_OPTIMIZATION_LEVEL = "-Onone";
			};
			name = Debug;
		};
		B7C637E12D0DD8C6006AED83 /* Release */ = {
			isa = XCBuildConfiguration;
			buildSettings = {
				ALWAYS_SEARCH_USER_PATHS = NO;
				CLANG_ANALYZER_NONNULL = YES;
				CLANG_ANALYZER_NUMBER_OBJECT_CONVERSION = YES_AGGRESSIVE;
				CLANG_CXX_LANGUAGE_STANDARD = "gnu++20";
				CLANG_ENABLE_MODULES = YES;
				CLANG_ENABLE_OBJC_ARC = YES;
				CLANG_ENABLE_OBJC_WEAK = YES;
				CLANG_WARN_BLOCK_CAPTURE_AUTORELEASING = YES;
				CLANG_WARN_BOOL_CONVERSION = YES;
				CLANG_WARN_COMMA = YES;
				CLANG_WARN_CONSTANT_CONVERSION = YES;
				CLANG_WARN_DEPRECATED_OBJC_IMPLEMENTATIONS = YES;
				CLANG_WARN_DIRECT_OBJC_ISA_USAGE = YES_ERROR;
				CLANG_WARN_DOCUMENTATION_COMMENTS = YES;
				CLANG_WARN_EMPTY_BODY = YES;
				CLANG_WARN_ENUM_CONVERSION = YES;
				CLANG_WARN_INFINITE_RECURSION = YES;
				CLANG_WARN_INT_CONVERSION = YES;
				CLANG_WARN_NON_LITERAL_NULL_CONVERSION = YES;
				CLANG_WARN_OBJC_IMPLICIT_RETAIN_SELF = YES;
				CLANG_WARN_OBJC_LITERAL_CONVERSION = YES;
				CLANG_WARN_OBJC_ROOT_CLASS = YES_ERROR;
				CLANG_WARN_QUOTED_INCLUDE_IN_FRAMEWORK_HEADER = YES;
				CLANG_WARN_RANGE_LOOP_ANALYSIS = YES;
				CLANG_WARN_STRICT_PROTOTYPES = YES;
				CLANG_WARN_SUSPICIOUS_MOVE = YES;
				CLANG_WARN_UNGUARDED_AVAILABILITY = YES_AGGRESSIVE;
				CLANG_WARN_UNREACHABLE_CODE = YES;
				CLANG_WARN__DUPLICATE_METHOD_MATCH = YES;
				COPY_PHASE_STRIP = NO;
				DEBUG_INFORMATION_FORMAT = "dwarf-with-dsym";
				ENABLE_NS_ASSERTIONS = NO;
				ENABLE_STRICT_OBJC_MSGSEND = YES;
				GCC_C_LANGUAGE_STANDARD = gnu11;
				GCC_NO_COMMON_BLOCKS = YES;
				GCC_WARN_64_TO_32_BIT_CONVERSION = YES;
				GCC_WARN_ABOUT_RETURN_TYPE = YES_ERROR;
				GCC_WARN_UNDECLARED_SELECTOR = YES;
				GCC_WARN_UNINITIALIZED_AUTOS = YES_AGGRESSIVE;
				GCC_WARN_UNUSED_FUNCTION = YES;
				GCC_WARN_UNUSED_VARIABLE = YES;
				IPHONEOS_DEPLOYMENT_TARGET = 16.0;
				MTL_ENABLE_DEBUG_INFO = NO;
				MTL_FAST_MATH = YES;
				SDKROOT = iphoneos;
				SWIFT_COMPILATION_MODE = wholemodule;
				SWIFT_OPTIMIZATION_LEVEL = "-O";
				VALIDATE_PRODUCT = YES;
			};
			name = Release;
		};
		B7C637E32D0DD8C6006AED83 /* Debug */ = {
			isa = XCBuildConfiguration;
			buildSettings = {
				ASSETCATALOG_COMPILER_APPICON_NAME = AppIcon;
				ASSETCATALOG_COMPILER_GLOBAL_ACCENT_COLOR_NAME = AccentColor;
				CODE_SIGN_STYLE = Automatic;
				CURRENT_PROJECT_VERSION = 1;
				DEVELOPMENT_ASSET_PATHS = "\"WARMISITAI_APP/Preview Content\"";
				ENABLE_PREVIEWS = YES;
				GENERATE_INFOPLIST_FILE = YES;
				INFOPLIST_KEY_UIApplicationSceneManifest_Generation = YES;
				INFOPLIST_KEY_UIApplicationSupportsIndirectInputEvents = YES;
				INFOPLIST_KEY_UILaunchScreen_Generation = YES;
				INFOPLIST_KEY_UISupportedInterfaceOrientations_iPad = "UIInterfaceOrientationPortrait UIInterfaceOrientationPortraitUpsideDown UIInterfaceOrientationLandscapeLeft UIInterfaceOrientationLandscapeRight";
				INFOPLIST_KEY_UISupportedInterfaceOrientations_iPhone = "UIInterfaceOrientationPortrait UIInterfaceOrientationLandscapeLeft UIInterfaceOrientationLandscapeRight";
				LD_RUNPATH_SEARCH_PATHS = (
					"$(inherited)",
					"@executable_path/Frameworks",
				);
				MARKETING_VERSION = 1.0;
				PRODUCT_BUNDLE_IDENTIFIER = "cibertec.WARMISITAI-APP";
				PRODUCT_NAME = "$(TARGET_NAME)";
				SWIFT_EMIT_LOC_STRINGS = YES;
				SWIFT_VERSION = 5.0;
				TARGETED_DEVICE_FAMILY = "1,2";
			};
			name = Debug;
		};
		B7C637E42D0DD8C6006AED83 /* Release */ = {
			isa = XCBuildConfiguration;
			buildSettings = {
				ASSETCATALOG_COMPILER_APPICON_NAME = AppIcon;
				ASSETCATALOG_COMPILER_GLOBAL_ACCENT_COLOR_NAME = AccentColor;
				CODE_SIGN_STYLE = Automatic;
				CURRENT_PROJECT_VERSION = 1;
				DEVELOPMENT_ASSET_PATHS = "\"WARMISITAI_APP/Preview Content\"";
				ENABLE_PREVIEWS = YES;
				GENERATE_INFOPLIST_FILE = YES;
				INFOPLIST_KEY_UIApplicationSceneManifest_Generation = YES;
				INFOPLIST_KEY_UIApplicationSupportsIndirectInputEvents = YES;
				INFOPLIST_KEY_UILaunchScreen_Generation = YES;
				INFOPLIST_KEY_UISupportedInterfaceOrientations_iPad = "UIInterfaceOrientationPortrait UIInterfaceOrientationPortraitUpsideDown UIInterfaceOrientationLandscapeLeft UIInterfaceOrientationLandscapeRight";
				INFOPLIST_KEY_UISupportedInterfaceOrientations_iPhone = "UIInterfaceOrientationPortrait UIInterfaceOrientationLandscapeLeft UIInterfaceOrientationLandscapeRight";
				LD_RUNPATH_SEARCH_PATHS = (
					"$(inherited)",
					"@executable_path/Frameworks",
				);
				MARKETING_VERSION = 1.0;
				PRODUCT_BUNDLE_IDENTIFIER = "cibertec.WARMISITAI-APP";
				PRODUCT_NAME = "$(TARGET_NAME)";
				SWIFT_EMIT_LOC_STRINGS = YES;
				SWIFT_VERSION = 5.0;
				TARGETED_DEVICE_FAMILY = "1,2";
			};
			name = Release;
		};
/* End XCBuildConfiguration section */

/* Begin XCConfigurationList section */
		B7C637CA2D0DD8C5006AED83 /* Build configuration list for PBXProject "WARMISITAI_APP" */ = {
			isa = XCConfigurationList;
			buildConfigurations = (
				B7C637E02D0DD8C6006AED83 /* Debug */,
				B7C637E12D0DD8C6006AED83 /* Release */,
			);
			defaultConfigurationIsVisible = 0;
			defaultConfigurationName = Release;
		};
		B7C637E22D0DD8C6006AED83 /* Build configuration list for PBXNativeTarget "WARMISITAI_APP" */ = {
			isa = XCConfigurationList;
			buildConfigurations = (
				B7C637E32D0DD8C6006AED83 /* Debug */,
				B7C637E42D0DD8C6006AED83 /* Release */,
			);
			defaultConfigurationIsVisible = 0;
			defaultConfigurationName = Release;
		};
/* End XCConfigurationList section */

/* Begin XCRemoteSwiftPackageReference section */
		B7C637E52D0DDA2C006AED83 /* XCRemoteSwiftPackageReference "Alamofire" */ = {
			isa = XCRemoteSwiftPackageReference;
			repositoryURL = "https://github.com/Alamofire/Alamofire.git";
			requirement = {
				kind = upToNextMajorVersion;
				minimumVersion = 5.0.0;
			};
		};
/* End XCRemoteSwiftPackageReference section */

/* Begin XCSwiftPackageProductDependency section */
		B7C637E62D0DDA2C006AED83 /* Alamofire */ = {
			isa = XCSwiftPackageProductDependency;
			package = B7C637E52D0DDA2C006AED83 /* XCRemoteSwiftPackageReference "Alamofire" */;
			productName = Alamofire;
		};
/* End XCSwiftPackageProductDependency section */

/* Begin XCVersionGroup section */
		B7C637DD2D0DD8C6006AED83 /* WARMISITAI_APP.xcdatamodeld */ = {
			isa = XCVersionGroup;
			children = (
				B7C637DE2D0DD8C6006AED83 /* WARMISITAI_APP.xcdatamodel */,
			);
			currentVersion = B7C637DE2D0DD8C6006AED83 /* WARMISITAI_APP.xcdatamodel */;
			path = WARMISITAI_APP.xcdatamodeld;
			sourceTree = "<group>";
			versionGroupType = wrapper.xcdatamodel;
		};
/* End XCVersionGroup section */
	};
	rootObject = B7C637C72D0DD8C5006AED83 /* Project object */;
}
